{
    "version": 3,
    "terraform_version": "0.7.2",
    "serial": 4,
    "lineage": "4edc6948-5fc2-431b-9336-376df2c0b4ea",
    "modules": [
        {
            "path": [
                "root"
            ],
            "outputs": {},
            "resources": {
                "google_compute_instance.elastic-node-1": {
                    "type": "google_compute_instance",
                    "depends_on": [],
                    "primary": {
                        "id": "elastic-node-1",
                        "attributes": {
                            "can_ip_forward": "false",
                            "disk.#": "1",
                            "disk.0.auto_delete": "true",
                            "disk.0.device_name": "",
                            "disk.0.disk": "",
                            "disk.0.image": "elastic-1472336454",
                            "disk.0.scratch": "false",
                            "disk.0.size": "512",
                            "disk.0.type": "",
                            "id": "elastic-node-1",
                            "machine_type": "f1-micro",
                            "metadata.%": "0",
                            "metadata_fingerprint": "ggUaVFFDPx0=",
                            "name": "elastic-node-1",
                            "network.#": "0",
                            "network_interface.#": "1",
                            "network_interface.0.access_config.#": "1",
                            "network_interface.0.access_config.0.assigned_nat_ip": "104.198.99.23",
                            "network_interface.0.access_config.0.nat_ip": "",
                            "network_interface.0.address": "10.138.0.2",
                            "network_interface.0.name": "nic0",
                            "network_interface.0.network": "",
                            "network_interface.0.subnetwork": "default",
                            "self_link": "https://www.googleapis.com/compute/v1/projects/that-big-universe/zones/us-west1-a/instances/elastic-node-1",
                            "service_account.#": "1",
                            "service_account.0.email": "890822399500-compute@developer.gserviceaccount.com",
                            "service_account.0.scopes.#": "3",
                            "service_account.0.scopes.1632638332": "https://www.googleapis.com/auth/devstorage.read_only",
                            "service_account.0.scopes.2428168921": "https://www.googleapis.com/auth/userinfo.email",
                            "service_account.0.scopes.2862113455": "https://www.googleapis.com/auth/compute.readonly",
                            "tags.#": "4",
                            "tags.1936433573": "https-server",
                            "tags.361925590": "dev-elastic",
                            "tags.4099509451": "default-allow-ssh",
                            "tags.988335155": "http-server",
                            "tags_fingerprint": "KDDgRkbFkEY=",
                            "zone": "us-west1-a"
                        },
                        "meta": {
                            "schema_version": "2"
                        },
                        "tainted": true
                    },
                    "deposed": [],
                    "provider": ""
                },
                "google_compute_instance.reports": {
                    "type": "google_compute_instance",
                    "depends_on": [],
                    "primary": {
                        "id": "reports",
                        "attributes": {
                            "can_ip_forward": "false",
                            "disk.#": "1",
                            "disk.0.auto_delete": "true",
                            "disk.0.device_name": "",
                            "disk.0.disk": "",
                            "disk.0.image": "kibana-1472336458",
                            "disk.0.scratch": "false",
                            "disk.0.size": "255",
                            "disk.0.type": "",
                            "id": "reports",
                            "machine_type": "f1-micro",
                            "metadata.%": "0",
                            "metadata_fingerprint": "ggUaVFFDPx0=",
                            "name": "reports",
                            "network.#": "0",
                            "network_interface.#": "1",
                            "network_interface.0.access_config.#": "1",
                            "network_interface.0.access_config.0.assigned_nat_ip": "104.198.108.206",
                            "network_interface.0.access_config.0.nat_ip": "",
                            "network_interface.0.address": "10.138.0.3",
                            "network_interface.0.name": "nic0",
                            "network_interface.0.network": "",
                            "network_interface.0.subnetwork": "default",
                            "self_link": "https://www.googleapis.com/compute/v1/projects/that-big-universe/zones/us-west1-a/instances/reports",
                            "service_account.#": "1",
                            "service_account.0.email": "890822399500-compute@developer.gserviceaccount.com",
                            "service_account.0.scopes.#": "3",
                            "service_account.0.scopes.1632638332": "https://www.googleapis.com/auth/devstorage.read_only",
                            "service_account.0.scopes.2428168921": "https://www.googleapis.com/auth/userinfo.email",
                            "service_account.0.scopes.2862113455": "https://www.googleapis.com/auth/compute.readonly",
                            "tags.#": "3",
                            "tags.1936433573": "https-server",
                            "tags.4099509451": "default-allow-ssh",
                            "tags.988335155": "http-server",
                            "tags_fingerprint": "lgH3qo8zHOo=",
                            "zone": "us-west1-a"
                        },
                        "meta": {
                            "schema_version": "2"
                        },
                        "tainted": false
                    },
                    "deposed": [],
                    "provider": ""
                },
                "google_dns_managed_zone.elasticsearch-on-compositecode": {
                    "type": "google_dns_managed_zone",
                    "depends_on": [],
                    "primary": {
                        "id": "elasticsearch-on-compositecode",
                        "attributes": {
                            "description": "The Elasticsearch offering on http://compositecode.com.",
                            "dns_name": "compositecode.com.",
                            "id": "elasticsearch-on-compositecode",
                            "name": "elasticsearch-on-compositecode",
                            "name_servers.#": "4",
                            "name_servers.0": "ns-cloud-c1.googledomains.com.",
                            "name_servers.1": "ns-cloud-c2.googledomains.com.",
                            "name_servers.2": "ns-cloud-c3.googledomains.com.",
                            "name_servers.3": "ns-cloud-c4.googledomains.com."
                        },
                        "meta": {},
                        "tainted": false
                    },
                    "deposed": [],
                    "provider": ""
                },
                "google_dns_record_set.reports": {
                    "type": "google_dns_record_set",
                    "depends_on": [
                        "google_compute_instance.reports",
                        "google_dns_managed_zone.elasticsearch-on-compositecode",
                        "google_dns_managed_zone.elasticsearch-on-compositecode"
                    ],
                    "primary": {
                        "id": "1",
                        "attributes": {
                            "id": "1",
                            "managed_zone": "elasticsearch-on-compositecode",
                            "name": "kibana.compositecode.com.",
                            "rrdatas.#": "1",
                            "rrdatas.0": "104.198.108.206",
                            "ttl": "5",
                            "type": "A"
                        },
                        "meta": {},
                        "tainted": false
                    },
                    "deposed": [],
                    "provider": ""
                }
            },
            "depends_on": []
        }
    ]
}
